
Microsoft Visual Studio Solution File, Format Version 12.00
# Visual Studio 15
VisualStudioVersion = 15.0.27130.2010
MinimumVisualStudioVersion = 10.0.40219.1
Project("{FAE04EC0-301F-11D3-BF4B-00C04F79EFBC}") = "OSMViewer", "OSMViewer\OSMViewer.csproj", "{4DAAEF65-D469-444F-A4D7-10128444234B}"
EndProject
Project("{FAE04EC0-301F-11D3-BF4B-00C04F79EFBC}") = "InfragistcsDev.ASPNET.MVC", "InfragistcsDev.ASPNET.MVC\InfragistcsDev.ASPNET.MVC.csproj", "{44824AF2-A265-411D-9F29-B86439820898}"
EndProject
Project("{FAE04EC0-301F-11D3-BF4B-00C04F79EFBC}") = "InfragisticsDev.Win", "InfragisticsDev.Win\InfragisticsDev.Win.csproj", "{38CBED1C-A2E1-404C-BCC0-746176E80CF2}"
EndProject
Global
	GlobalSection(SolutionConfigurationPlatforms) = preSolution
		Debug|Any CPU = Debug|Any CPU
		Release|Any CPU = Release|Any CPU
	EndGlobalSection
	GlobalSection(ProjectConfigurationPlatforms) = postSolution
		{4DAAEF65-D469-444F-A4D7-10128444234B}.Debug|Any CPU.ActiveCfg = Debug|Any CPU
		{4DAAEF65-D469-444F-A4D7-10128444234B}.Debug|Any CPU.Build.0 = Debug|Any CPU
		{4DAAEF65-D469-444F-A4D7-10128444234B}.Release|Any CPU.ActiveCfg = Release|Any CPU
		{4DAAEF65-D469-444F-A4D7-10128444234B}.Release|Any CPU.Build.0 = Release|Any CPU
		{44824AF2-A265-411D-9F29-B86439820898}.Debug|Any CPU.ActiveCfg = Debug|Any CPU
		{44824AF2-A265-411D-9F29-B86439820898}.Debug|Any CPU.Build.0 = Debug|Any CPU
		{44824AF2-A265-411D-9F29-B86439820898}.Release|Any CPU.ActiveCfg = Release|Any CPU
		{44824AF2-A265-411D-9F29-B86439820898}.Release|Any CPU.Build.0 = Release|Any CPU
		{38CBED1C-A2E1-404C-BCC0-746176E80CF2}.Debug|Any CPU.ActiveCfg = Debug|Any CPU
		{38CBED1C-A2E1-404C-BCC0-746176E80CF2}.Debug|Any CPU.Build.0 = Debug|Any CPU
		{38CBED1C-A2E1-404C-BCC0-746176E80CF2}.Release|Any CPU.ActiveCfg = Release|Any CPU
		{38CBED1C-A2E1-404C-BCC0-746176E80CF2}.Release|Any CPU.Build.0 = Release|Any CPU
	EndGlobalSection
	GlobalSection(SolutionProperties) = preSolution
		HideSolutionNode = FALSE
	EndGlobalSection
	GlobalSection(ExtensibilityGlobals) = postSolution
		SolutionGuid = {F6195A03-D15E-4497-B496-7DCCE3DD1BC8}
	EndGlobalSection
EndGlobal
